// !$*UTF8*$!
{
	archiveVersion = 1;
	classes = {
	};
	objectVersion = 50;
	objects = {

/* Begin PBXBuildFile section */
		0772CA172362374700474FB4 /* Pokemon.swift in Sources */ = {isa = PBXBuildFile; fileRef = 0772CA162362374700474FB4 /* Pokemon.swift */; };
		0772CA1923623AEE00474FB4 /* Service.swift in Sources */ = {isa = PBXBuildFile; fileRef = 0772CA1823623AEE00474FB4 /* Service.swift */; };
		07751B10236B80C3004BE049 /* PokemonInfoController.swift in Sources */ = {isa = PBXBuildFile; fileRef = 07751B0F236B80C3004BE049 /* PokemonInfoController.swift */; };
		079CF50C2360DD010095A5F7 /* AppDelegate.swift in Sources */ = {isa = PBXBuildFile; fileRef = 079CF50B2360DD010095A5F7 /* AppDelegate.swift */; };
		079CF50E2360DD010095A5F7 /* SceneDelegate.swift in Sources */ = {isa = PBXBuildFile; fileRef = 079CF50D2360DD010095A5F7 /* SceneDelegate.swift */; };
		079CF5152360DD030095A5F7 /* Assets.xcassets in Resources */ = {isa = PBXBuildFile; fileRef = 079CF5142360DD030095A5F7 /* Assets.xcassets */; };
		079CF5182360DD030095A5F7 /* LaunchScreen.storyboard in Resources */ = {isa = PBXBuildFile; fileRef = 079CF5162360DD030095A5F7 /* LaunchScreen.storyboard */; };
		079CF5252360DE480095A5F7 /* PokedexCollection.swift in Sources */ = {isa = PBXBuildFile; fileRef = 079CF5242360DE480095A5F7 /* PokedexCollection.swift */; };
		079CF5272360E1890095A5F7 /* Extensions.swift in Sources */ = {isa = PBXBuildFile; fileRef = 079CF5262360E1890095A5F7 /* Extensions.swift */; };
		079CF5292360F0E50095A5F7 /* PokedexCollectionViewCell.swift in Sources */ = {isa = PBXBuildFile; fileRef = 079CF5282360F0E50095A5F7 /* PokedexCollectionViewCell.swift */; };
		07B61B81236A292E00107006 /* InfoView.swift in Sources */ = {isa = PBXBuildFile; fileRef = 07B61B80236A292E00107006 /* InfoView.swift */; };
/* End PBXBuildFile section */

/* Begin PBXFileReference section */
		0772CA162362374700474FB4 /* Pokemon.swift */ = {isa = PBXFileReference; lastKnownFileType = sourcecode.swift; path = Pokemon.swift; sourceTree = "<group>"; };
		0772CA1823623AEE00474FB4 /* Service.swift */ = {isa = PBXFileReference; lastKnownFileType = sourcecode.swift; path = Service.swift; sourceTree = "<group>"; };
		07751B0F236B80C3004BE049 /* PokemonInfoController.swift */ = {isa = PBXFileReference; lastKnownFileType = sourcecode.swift; path = PokemonInfoController.swift; sourceTree = "<group>"; };
		079CF5082360DD010095A5F7 /* Pokedex.app */ = {isa = PBXFileReference; explicitFileType = wrapper.application; includeInIndex = 0; path = Pokedex.app; sourceTree = BUILT_PRODUCTS_DIR; };
		079CF50B2360DD010095A5F7 /* AppDelegate.swift */ = {isa = PBXFileReference; lastKnownFileType = sourcecode.swift; path = AppDelegate.swift; sourceTree = "<group>"; };
		079CF50D2360DD010095A5F7 /* SceneDelegate.swift */ = {isa = PBXFileReference; lastKnownFileType = sourcecode.swift; path = SceneDelegate.swift; sourceTree = "<group>"; };
		079CF5142360DD030095A5F7 /* Assets.xcassets */ = {isa = PBXFileReference; lastKnownFileType = folder.assetcatalog; path = Assets.xcassets; sourceTree = "<group>"; };
		079CF5172360DD030095A5F7 /* Base */ = {isa = PBXFileReference; lastKnownFileType = file.storyboard; name = Base; path = Base.lproj/LaunchScreen.storyboard; sourceTree = "<group>"; };
		079CF5192360DD030095A5F7 /* Info.plist */ = {isa = PBXFileReference; lastKnownFileType = text.plist.xml; path = Info.plist; sourceTree = "<group>"; };
		079CF5242360DE480095A5F7 /* PokedexCollection.swift */ = {isa = PBXFileReference; lastKnownFileType = sourcecode.swift; path = PokedexCollection.swift; sourceTree = "<group>"; };
		079CF5262360E1890095A5F7 /* Extensions.swift */ = {isa = PBXFileReference; lastKnownFileType = sourcecode.swift; path = Extensions.swift; sourceTree = "<group>"; };
		079CF5282360F0E50095A5F7 /* PokedexCollectionViewCell.swift */ = {isa = PBXFileReference; lastKnownFileType = sourcecode.swift; path = PokedexCollectionViewCell.swift; sourceTree = "<group>"; };
		07B61B80236A292E00107006 /* InfoView.swift */ = {isa = PBXFileReference; lastKnownFileType = sourcecode.swift; path = InfoView.swift; sourceTree = "<group>"; };
/* End PBXFileReference section */

/* Begin PBXFrameworksBuildPhase section */
		079CF5052360DD010095A5F7 /* Frameworks */ = {
			isa = PBXFrameworksBuildPhase;
			buildActionMask = 2147483647;
			files = (
			);
			runOnlyForDeploymentPostprocessing = 0;
		};
/* End PBXFrameworksBuildPhase section */

/* Begin PBXGroup section */
		079CF4FF2360DD010095A5F7 = {
			isa = PBXGroup;
			children = (
				079CF5232360DDB90095A5F7 /* View */,
				079CF5222360DD9A0095A5F7 /* Utils */,
				079CF5212360DD920095A5F7 /* Service */,
				079CF5202360DD7C0095A5F7 /* Controller */,
				079CF51F2360DD740095A5F7 /* Model */,
				079CF50A2360DD010095A5F7 /* Pokedex */,
				079CF5092360DD010095A5F7 /* Products */,
			);
			sourceTree = "<group>";
		};
		079CF5092360DD010095A5F7 /* Products */ = {
			isa = PBXGroup;
			children = (
				079CF5082360DD010095A5F7 /* Pokedex.app */,
			);
			name = Products;
			sourceTree = "<group>";
		};
		079CF50A2360DD010095A5F7 /* Pokedex */ = {
			isa = PBXGroup;
			children = (
				079CF50B2360DD010095A5F7 /* AppDelegate.swift */,
				079CF50D2360DD010095A5F7 /* SceneDelegate.swift */,
				079CF5142360DD030095A5F7 /* Assets.xcassets */,
				079CF5162360DD030095A5F7 /* LaunchScreen.storyboard */,
				079CF5192360DD030095A5F7 /* Info.plist */,
			);
			path = Pokedex;
			sourceTree = "<group>";
		};
		079CF51F2360DD740095A5F7 /* Model */ = {
			isa = PBXGroup;
			children = (
				0772CA162362374700474FB4 /* Pokemon.swift */,
			);
			path = Model;
			sourceTree = "<group>";
		};
		079CF5202360DD7C0095A5F7 /* Controller */ = {
			isa = PBXGroup;
			children = (
				079CF5242360DE480095A5F7 /* PokedexCollection.swift */,
				07751B0F236B80C3004BE049 /* PokemonInfoController.swift */,
			);
			path = Controller;
			sourceTree = "<group>";
		};
		079CF5212360DD920095A5F7 /* Service */ = {
			isa = PBXGroup;
			children = (
				0772CA1823623AEE00474FB4 /* Service.swift */,
			);
			path = Service;
			sourceTree = "<group>";
		};
		079CF5222360DD9A0095A5F7 /* Utils */ = {
			isa = PBXGroup;
			children = (
				079CF5262360E1890095A5F7 /* Extensions.swift */,
			);
			path = Utils;
			sourceTree = "<group>";
		};
		079CF5232360DDB90095A5F7 /* View */ = {
			isa = PBXGroup;
			children = (
				079CF5282360F0E50095A5F7 /* PokedexCollectionViewCell.swift */,
				07B61B80236A292E00107006 /* InfoView.swift */,
			);
			path = View;
			sourceTree = "<group>";
		};
/* End PBXGroup section */

/* Begin PBXNativeTarget section */
		079CF5072360DD010095A5F7 /* Pokedex */ = {
			isa = PBXNativeTarget;
			buildConfigurationList = 079CF51C2360DD030095A5F7 /* Build configuration list for PBXNativeTarget "Pokedex" */;
			buildPhases = (
				079CF5042360DD010095A5F7 /* Sources */,
				079CF5052360DD010095A5F7 /* Frameworks */,
				079CF5062360DD010095A5F7 /* Resources */,
			);
			buildRules = (
			);
			dependencies = (
			);
			name = Pokedex;
			productName = Pokedex;
			productReference = 079CF5082360DD010095A5F7 /* Pokedex.app */;
			productType = "com.apple.product-type.application";
		};
/* End PBXNativeTarget section */

/* Begin PBXProject section */
		079CF5002360DD010095A5F7 /* Project object */ = {
			isa = PBXProject;
			attributes = {
				LastSwiftUpdateCheck = 1100;
				LastUpgradeCheck = 1100;
				ORGANIZATIONNAME = Erica;
				TargetAttributes = {
					079CF5072360DD010095A5F7 = {
						CreatedOnToolsVersion = 11.0;
					};
				};
			};
			buildConfigurationList = 079CF5032360DD010095A5F7 /* Build configuration list for PBXProject "Pokemon" */;
			compatibilityVersion = "Xcode 9.3";
			developmentRegion = en;
			hasScannedForEncodings = 0;
			knownRegions = (
				en,
				Base,
			);
			mainGroup = 079CF4FF2360DD010095A5F7;
			productRefGroup = 079CF5092360DD010095A5F7 /* Products */;
			projectDirPath = "";
			projectRoot = "";
			targets = (
				079CF5072360DD010095A5F7 /* Pokedex */,
			);
		};
/* End PBXProject section */

/* Begin PBXResourcesBuildPhase section */
		079CF5062360DD010095A5F7 /* Resources */ = {
			isa = PBXResourcesBuildPhase;
			buildActionMask = 2147483647;
			files = (
				079CF5182360DD030095A5F7 /* LaunchScreen.storyboard in Resources */,
				079CF5152360DD030095A5F7 /* Assets.xcassets in Resources */,
			);
			runOnlyForDeploymentPostprocessing = 0;
		};
/* End PBXResourcesBuildPhase section */

/* Begin PBXSourcesBuildPhase section */
		079CF5042360DD010095A5F7 /* Sources */ = {
			isa = PBXSourcesBuildPhase;
			buildActionMask = 2147483647;
			files = (
				07B61B81236A292E00107006 /* InfoView.swift in Sources */,
				079CF50C2360DD010095A5F7 /* AppDelegate.swift in Sources */,
				0772CA1923623AEE00474FB4 /* Service.swift in Sources */,
				079CF5252360DE480095A5F7 /* PokedexCollection.swift in Sources */,
				079CF50E2360DD010095A5F7 /* SceneDelegate.swift in Sources */,
				079CF5292360F0E50095A5F7 /* PokedexCollectionViewCell.swift in Sources */,
				079CF5272360E1890095A5F7 /* Extensions.swift in Sources */,
				0772CA172362374700474FB4 /* Pokemon.swift in Sources */,
				07751B10236B80C3004BE049 /* PokemonInfoController.swift in Sources */,
			);
			runOnlyForDeploymentPostprocessing = 0;
		};
/* End PBXSourcesBuildPhase section */

/* Begin PBXVariantGroup section */
		079CF5162360DD030095A5F7 /* LaunchScreen.storyboard */ = {
			isa = PBXVariantGroup;
			children = (
				079CF5172360DD030095A5F7 /* Base */,
			);
			name = LaunchScreen.storyboard;
			sourceTree = "<group>";
		};
/* End PBXVariantGroup section */

/* Begin XCBuildConfiguration section */
		079CF51A2360DD030095A5F7 /* Debug */ = {
			isa = XCBuildConfiguration;
			buildSettings = {
				ALWAYS_SEARCH_USER_PATHS = NO;
				CLANG_ANALYZER_NONNULL = YES;
				CLANG_ANALYZER_NUMBER_OBJECT_CONVERSION = YES_AGGRESSIVE;
				CLANG_CXX_LANGUAGE_STANDARD = "gnu++14";
				CLANG_CXX_LIBRARY = "libc++";
				CLANG_ENABLE_MODULES = YES;
				CLANG_ENABLE_OBJC_ARC = YES;
				CLANG_ENABLE_OBJC_WEAK = YES;
				CLANG_WARN_BLOCK_CAPTURE_AUTORELEASING = YES;
				CLANG_WARN_BOOL_CONVERSION = YES;
				CLANG_WARN_COMMA = YES;
				CLANG_WARN_CONSTANT_CONVERSION = YES;
				CLANG_WARN_DEPRECATED_OBJC_IMPLEMENTATIONS = YES;
				CLANG_WARN_DIRECT_OBJC_ISA_USAGE = YES_ERROR;
				CLANG_WARN_DOCUMENTATION_COMMENTS = YES;
				CLANG_WARN_EMPTY_BODY = YES;
				CLANG_WARN_ENUM_CONVERSION = YES;
				CLANG_WARN_INFINITE_RECURSION = YES;
				CLANG_WARN_INT_CONVERSION = YES;
				CLANG_WARN_NON_LITERAL_NULL_CONVERSION = YES;
				CLANG_WARN_OBJC_IMPLICIT_RETAIN_SELF = YES;
				CLANG_WARN_OBJC_LITERAL_CONVERSION = YES;
				CLANG_WARN_OBJC_ROOT_CLASS = YES_ERROR;
				CLANG_WARN_RANGE_LOOP_ANALYSIS = YES;
				CLANG_WARN_STRICT_PROTOTYPES = YES;
				CLANG_WARN_SUSPICIOUS_MOVE = YES;
				CLANG_WARN_UNGUARDED_AVAILABILITY = YES_AGGRESSIVE;
				CLANG_WARN_UNREACHABLE_CODE = YES;
				CLANG_WARN__DUPLICATE_METHOD_MATCH = YES;
				COPY_PHASE_STRIP = NO;
				DEBUG_INFORMATION_FORMAT = dwarf;
				ENABLE_STRICT_OBJC_MSGSEND = YES;
				ENABLE_TESTABILITY = YES;
				GCC_C_LANGUAGE_STANDARD = gnu11;
				GCC_DYNAMIC_NO_PIC = NO;
				GCC_NO_COMMON_BLOCKS = YES;
				GCC_OPTIMIZATION_LEVEL = 0;
				GCC_PREPROCESSOR_DEFINITIONS = (
					"DEBUG=1",
					"$(inherited)",
				);
				GCC_WARN_64_TO_32_BIT_CONVERSION = YES;
				GCC_WARN_ABOUT_RETURN_TYPE = YES_ERROR;
				GCC_WARN_UNDECLARED_SELECTOR = YES;
				GCC_WARN_UNINITIALIZED_AUTOS = YES_AGGRESSIVE;
				GCC_WARN_UNUSED_FUNCTION = YES;
				GCC_WARN_UNUSED_VARIABLE = YES;
				IPHONEOS_DEPLOYMENT_TARGET = 13.0;
				MTL_ENABLE_DEBUG_INFO = INCLUDE_SOURCE;
				MTL_FAST_MATH = YES;
				ONLY_ACTIVE_ARCH = YES;
				SDKROOT = iphoneos;
				SWIFT_ACTIVE_COMPILATION_CONDITIONS = DEBUG;
				SWIFT_OPTIMIZATION_LEVEL = "-Onone";
			};
			name = Debug;
		};
		079CF51B2360DD030095A5F7 /* Release */ = {
			isa = XCBuildConfiguration;
			buildSettings = {
				ALWAYS_SEARCH_USER_PATHS = NO;
				CLANG_ANALYZER_NONNULL = YES;
				CLANG_ANALYZER_NUMBER_OBJECT_CONVERSION = YES_AGGRESSIVE;
				CLANG_CXX_LANGUAGE_STANDARD = "gnu++14";
				CLANG_CXX_LIBRARY = "libc++";
				CLANG_ENABLE_MODULES = YES;
				CLANG_ENABLE_OBJC_ARC = YES;
				CLANG_ENABLE_OBJC_WEAK = YES;
				CLANG_WARN_BLOCK_CAPTURE_AUTORELEASING = YES;
				CLANG_WARN_BOOL_CONVERSION = YES;
				CLANG_WARN_COMMA = YES;
				CLANG_WARN_CONSTANT_CONVERSION = YES;
				CLANG_WARN_DEPRECATED_OBJC_IMPLEMENTATIONS = YES;
				CLANG_WARN_DIRECT_OBJC_ISA_USAGE = YES_ERROR;
				CLANG_WARN_DOCUMENTATION_COMMENTS = YES;
				CLANG_WARN_EMPTY_BODY = YES;
				CLANG_WARN_ENUM_CONVERSION = YES;
				CLANG_WARN_INFINITE_RECURSION = YES;
				CLANG_WARN_INT_CONVERSION = YES;
				CLANG_WARN_NON_LITERAL_NULL_CONVERSION = YES;
				CLANG_WARN_OBJC_IMPLICIT_RETAIN_SELF = YES;
				CLANG_WARN_OBJC_LITERAL_CONVERSION = YES;
				CLANG_WARN_OBJC_ROOT_CLASS = YES_ERROR;
				CLANG_WARN_RANGE_LOOP_ANALYSIS = YES;
				CLANG_WARN_STRICT_PROTOTYPES = YES;
				CLANG_WARN_SUSPICIOUS_MOVE = YES;
				CLANG_WARN_UNGUARDED_AVAILABILITY = YES_AGGRESSIVE;
				CLANG_WARN_UNREACHABLE_CODE = YES;
				CLANG_WARN__DUPLICATE_METHOD_MATCH = YES;
				COPY_PHASE_STRIP = NO;
				DEBUG_INFORMATION_FORMAT = "dwarf-with-dsym";
				ENABLE_NS_ASSERTIONS = NO;
				ENABLE_STRICT_OBJC_MSGSEND = YES;
				GCC_C_LANGUAGE_STANDARD = gnu11;
				GCC_NO_COMMON_BLOCKS = YES;
				GCC_WARN_64_TO_32_BIT_CONVERSION = YES;
				GCC_WARN_ABOUT_RETURN_TYPE = YES_ERROR;
				GCC_WARN_UNDECLARED_SELECTOR = YES;
				GCC_WARN_UNINITIALIZED_AUTOS = YES_AGGRESSIVE;
				GCC_WARN_UNUSED_FUNCTION = YES;
				GCC_WARN_UNUSED_VARIABLE = YES;
				IPHONEOS_DEPLOYMENT_TARGET = 13.0;
				MTL_ENABLE_DEBUG_INFO = NO;
				MTL_FAST_MATH = YES;
				SDKROOT = iphoneos;
				SWIFT_COMPILATION_MODE = wholemodule;
				SWIFT_OPTIMIZATION_LEVEL = "-O";
				VALIDATE_PRODUCT = YES;
			};
			name = Release;
		};
		079CF51D2360DD030095A5F7 /* Debug */ = {
			isa = XCBuildConfiguration;
			buildSettings = {
				ASSETCATALOG_COMPILER_APPICON_NAME = AppIcon;
				CODE_SIGN_STYLE = Automatic;
				DEVELOPMENT_TEAM = T3746P4E48;
				INFOPLIST_FILE = Pokedex/Info.plist;
				LD_RUNPATH_SEARCH_PATHS = (
					"$(inherited)",
					"@executable_path/Frameworks",
				);
				PRODUCT_BUNDLE_IDENTIFIER = com.ericag.Pokedex;
				PRODUCT_NAME = "$(TARGET_NAME)";
				SWIFT_VERSION = 5.0;
				TARGETED_DEVICE_FAMILY = "1,2";
			};
			name = Debug;
		};
		079CF51E2360DD030095A5F7 /* Release */ = {
			isa = XCBuildConfiguration;
			buildSettings = {
				ASSETCATALOG_COMPILER_APPICON_NAME = AppIcon;
				CODE_SIGN_STYLE = Automatic;
				DEVELOPMENT_TEAM = T3746P4E48;
				INFOPLIST_FILE = Pokedex/Info.plist;
				LD_RUNPATH_SEARCH_PATHS = (
					"$(inherited)",
					"@executable_path/Frameworks",
				);
				PRODUCT_BUNDLE_IDENTIFIER = com.ericag.Pokedex;
				PRODUCT_NAME = "$(TARGET_NAME)";
				SWIFT_VERSION = 5.0;
				TARGETED_DEVICE_FAMILY = "1,2";
			};
			name = Release;
		};
/* End XCBuildConfiguration section */

/* Begin XCConfigurationList section */
		079CF5032360DD010095A5F7 /* Build configuration list for PBXProject "Pokemon" */ = {
			isa = XCConfigurationList;
			buildConfigurations = (
				079CF51A2360DD030095A5F7 /* Debug */,
				079CF51B2360DD030095A5F7 /* Release */,
			);
			defaultConfigurationIsVisible = 0;
			defaultConfigurationName = Release;
		};
		079CF51C2360DD030095A5F7 /* Build configuration list for PBXNativeTarget "Pokedex" */ = {
			isa = XCConfigurationList;
			buildConfigurations = (
				079CF51D2360DD030095A5F7 /* Debug */,
				079CF51E2360DD030095A5F7 /* Release */,
			);
			defaultConfigurationIsVisible = 0;
			defaultConfigurationName = Release;
		};
/* End XCConfigurationList section */
	};
	rootObject = 079CF5002360DD010095A5F7 /* Project object */;
}
